
Microsoft Visual Studio Solution File, Format Version 12.00
# Visual Studio Version 17
VisualStudioVersion = 17.9.34607.119
MinimumVisualStudioVersion = 10.0.40219.1
Project("{8BC9CEB8-8B4A-11D0-8D11-00A0C91BC942}") = "VulcanTest", "VulcanTest\VulcanTest.vcxproj", "{42EC0EBD-5D11-4B89-8105-F89A5C832193}"
EndProject
Global
	GlobalSection(SolutionConfigurationPlatforms) = preSolution
		Debug|x64 = Debug|x64
		Debug|x86 = Debug|x86
		Release|x64 = Release|x64
		Release|x86 = Release|x86
	EndGlobalSection
	GlobalSection(ProjectConfigurationPlatforms) = postSolution
		{42EC0EBD-5D11-4B89-8105-F89A5C832193}.Debug|x64.ActiveCfg = Debug|x64
		{42EC0EBD-5D11-4B89-8105-F89A5C832193}.Debug|x64.Build.0 = Debug|x64
		{42EC0EBD-5D11-4B89-8105-F89A5C832193}.Debug|x86.ActiveCfg = Debug|Win32
		{42EC0EBD-5D11-4B89-8105-F89A5C832193}.Debug|x86.Build.0 = Debug|Win32
		{42EC0EBD-5D11-4B89-8105-F89A5C832193}.Release|x64.ActiveCfg = Release|x64
		{42EC0EBD-5D11-4B89-8105-F89A5C832193}.Release|x64.Build.0 = Release|x64
		{42EC0EBD-5D11-4B89-8105-F89A5C832193}.Release|x86.ActiveCfg = Release|Win32
		{42EC0EBD-5D11-4B89-8105-F89A5C832193}.Release|x86.Build.0 = Release|Win32
	EndGlobalSection
	GlobalSection(SolutionProperties) = preSolution
		HideSolutionNode = FALSE
	EndGlobalSection
	GlobalSection(ExtensibilityGlobals) = postSolution
		SolutionGuid = {01DA1094-424E-44BA-8C78-FC9AF31F0B3A}
	EndGlobalSection
EndGlobal
